
Microsoft Visual Studio Solution File, Format Version 12.00
# Visual Studio Version 16
VisualStudioVersion = 16.0.31729.503
MinimumVisualStudioVersion = 10.0.40219.1
Project("{FAE04EC0-301F-11D3-BF4B-00C04F79EFBC}") = "pr2_3", "pr2_3\pr2_3.csproj", "{23818FA0-8608-4E31-B0B2-15A26C1A89E7}"
EndProject
Global
	GlobalSection(SolutionConfigurationPlatforms) = preSolution
		Debug|Any CPU = Debug|Any CPU
		Release|Any CPU = Release|Any CPU
	EndGlobalSection
	GlobalSection(ProjectConfigurationPlatforms) = postSolution
		{23818FA0-8608-4E31-B0B2-15A26C1A89E7}.Debug|Any CPU.ActiveCfg = Debug|Any CPU
		{23818FA0-8608-4E31-B0B2-15A26C1A89E7}.Debug|Any CPU.Build.0 = Debug|Any CPU
		{23818FA0-8608-4E31-B0B2-15A26C1A89E7}.Release|Any CPU.ActiveCfg = Release|Any CPU
		{23818FA0-8608-4E31-B0B2-15A26C1A89E7}.Release|Any CPU.Build.0 = Release|Any CPU
	EndGlobalSection
	GlobalSection(SolutionProperties) = preSolution
		HideSolutionNode = FALSE
	EndGlobalSection
	GlobalSection(ExtensibilityGlobals) = postSolution
		SolutionGuid = {90AEEAAD-036F-468A-A75A-99A9C09CCECE}
	EndGlobalSection
EndGlobal
